
Microsoft Visual Studio Solution File, Format Version 12.00
# Visual Studio Version 16
VisualStudioVersion = 16.0.29613.14
MinimumVisualStudioVersion = 10.0.40219.1
Project("{FAE04EC0-301F-11D3-BF4B-00C04F79EFBC}") = "AQS", "AQS\AQS.csproj", "{CE8DF960-D4B2-46AF-91E0-465EC4254AE5}"
EndProject
Global
	GlobalSection(SolutionConfigurationPlatforms) = preSolution
		Debug|Any CPU = Debug|Any CPU
		Release|Any CPU = Release|Any CPU
	EndGlobalSection
	GlobalSection(ProjectConfigurationPlatforms) = postSolution
		{CE8DF960-D4B2-46AF-91E0-465EC4254AE5}.Debug|Any CPU.ActiveCfg = Debug|Any CPU
		{CE8DF960-D4B2-46AF-91E0-465EC4254AE5}.Debug|Any CPU.Build.0 = Debug|Any CPU
		{CE8DF960-D4B2-46AF-91E0-465EC4254AE5}.Release|Any CPU.ActiveCfg = Release|Any CPU
		{CE8DF960-D4B2-46AF-91E0-465EC4254AE5}.Release|Any CPU.Build.0 = Release|Any CPU
	EndGlobalSection
	GlobalSection(SolutionProperties) = preSolution
		HideSolutionNode = FALSE
	EndGlobalSection
	GlobalSection(ExtensibilityGlobals) = postSolution
		SolutionGuid = {3E7344D8-6561-48CD-9461-45758145585D}
	EndGlobalSection
EndGlobal
